
Microsoft Visual Studio Solution File, Format Version 12.00
# Visual Studio Version 16
VisualStudioVersion = 16.0.810.25
MinimumVisualStudioVersion = 10.0.40219.1
Project("{FAE04EC0-301F-11D3-BF4B-00C04F79EFBC}") = "TestAutomationPractice", "TestAutomationPractice\TestAutomationPractice.csproj", "{7DC321C5-E317-4874-91A6-A30AAC33744D}"
EndProject
Global
	GlobalSection(SolutionConfigurationPlatforms) = preSolution
		Debug|Any CPU = Debug|Any CPU
		Release|Any CPU = Release|Any CPU
	EndGlobalSection
	GlobalSection(ProjectConfigurationPlatforms) = postSolution
		{7DC321C5-E317-4874-91A6-A30AAC33744D}.Debug|Any CPU.ActiveCfg = Debug|Any CPU
		{7DC321C5-E317-4874-91A6-A30AAC33744D}.Debug|Any CPU.Build.0 = Debug|Any CPU
		{7DC321C5-E317-4874-91A6-A30AAC33744D}.Release|Any CPU.ActiveCfg = Release|Any CPU
		{7DC321C5-E317-4874-91A6-A30AAC33744D}.Release|Any CPU.Build.0 = Release|Any CPU
	EndGlobalSection
	GlobalSection(SolutionProperties) = preSolution
		HideSolutionNode = FALSE
	EndGlobalSection
	GlobalSection(ExtensibilityGlobals) = postSolution
		SolutionGuid = {0AA9863D-63F3-42EC-A471-733F0FD6AC8B}
	EndGlobalSection
EndGlobal
